<?xml version="1.0" encoding="utf-8"?>
<Project ToolsVersion="4.0" xmlns="http://schemas.microsoft.com/developer/msbuild/2003">
  <ItemGroup>
    <Filter Include="Source Files">
      <UniqueIdentifier>{4FC737F1-C7A5-4376-A066-2A32D752A2FF}</UniqueIdentifier>
      <Extensions>cpp;c;cc;cxx;def;odl;idl;hpj;bat;asm;asmx</Extensions>
    </Filter>
    <Filter Include="Header Files">
      <UniqueIdentifier>{93995380-89BD-4b04-88EB-625FBE52EBFB}</UniqueIdentifier>
      <Extensions>h;hh;hpp;hxx;hm;inl;inc;xsd</Extensions>
    </Filter>
    <Filter Include="Resource Files">
      <UniqueIdentifier>{67DA6AB6-F800-4c08-8B7A-83BB121AAD01}</UniqueIdentifier>
      <Extensions>rc;ico;cur;bmp;dlg;rc2;rct;bin;rgs;gif;jpg;jpeg;jpe;resx;tiff;tif;png;wav;mfcribbon-ms</Extensions>
    </Filter>
  </ItemGroup>
  <ItemGroup>
    <ClInclude Include="AX\Core\AXApplication.h">
      <Filter>Header Files</Filter>
    </ClInclude>
    <ClInclude Include="AX\Core\AXLogging.h">
      <Filter>Header Files</Filter>
    </ClInclude>
    <ClInclude Include="AX\Core\AXWindow.h">
      <Filter>Header Files</Filter>
    </ClInclude>
    <ClInclude Include="AX\Utils\AXSingleton.h">
      <Filter>Header Files</Filter>
    </ClInclude>
    <ClInclude Include="AX\Utils\AXUtils.h">
      <Filter>Header Files</Filter>
    </ClInclude>
    <ClInclude Include="AX\Core\AXSettings.h">
      <Filter>Header Files</Filter>
    </ClInclude>
    <ClInclude Include="AX\Core\AXUpdateables.h">
      <Filter>Header Files</Filter>
    </ClInclude>
    <ClInclude Include="AX\Core\AXSystem.h">
      <Filter>Header Files</Filter>
    </ClInclude>
    <ClInclude Include="Libs\cJSON\cJSON.h">
      <Filter>Header Files</Filter>
    </ClInclude>
    <ClInclude Include="AX\Utils\AXProperties.h">
      <Filter>Header Files</Filter>
    </ClInclude>
    <ClInclude Include="Libs\IMGui\imgui.h">
      <Filter>Header Files</Filter>
    </ClInclude>
    <ClInclude Include="AX\Graphics\RenderCore\AXGraphicsDevice.h">
      <Filter>Header Files</Filter>
    </ClInclude>
    <ClInclude Include="AX\Graphics\RenderCore\AXRenderCore.h">
      <Filter>Header Files</Filter>
    </ClInclude>
    <ClInclude Include="Libs\IMGui\imgui_internal.h">
      <Filter>Header Files</Filter>
    </ClInclude>
    <ClInclude Include="Libs\IMGui\imconfig.h">
      <Filter>Header Files</Filter>
    </ClInclude>
    <ClInclude Include="Libs\Eigen\Cholesky\LDLT.h">
      <Filter>Header Files</Filter>
    </ClInclude>
    <ClInclude Include="Libs\Eigen\Cholesky\LLT.h">
      <Filter>Header Files</Filter>
    </ClInclude>
    <ClInclude Include="Libs\Eigen\Cholesky\LLT_MKL.h">
      <Filter>Header Files</Filter>
    </ClInclude>
    <ClInclude Include="Libs\Eigen\CholmodSupport\CholmodSupport.h">
      <Filter>Header Files</Filter>
    </ClInclude>
    <ClInclude Include="Libs\Eigen\Core\arch\AltiVec\Complex.h">
      <Filter>Header Files</Filter>
    </ClInclude>
    <ClInclude Include="Libs\Eigen\Core\arch\AltiVec\PacketMath.h">
      <Filter>Header Files</Filter>
    </ClInclude>
    <ClInclude Include="Libs\Eigen\Core\arch\Default\Settings.h">
      <Filter>Header Files</Filter>
    </ClInclude>
    <ClInclude Include="Libs\Eigen\Core\arch\NEON\Complex.h">
      <Filter>Header Files</Filter>
    </ClInclude>
    <ClInclude Include="Libs\Eigen\Core\arch\NEON\PacketMath.h">
      <Filter>Header Files</Filter>
    </ClInclude>
    <ClInclude Include="Libs\Eigen\Core\arch\SSE\Complex.h">
      <Filter>Header Files</Filter>
    </ClInclude>
    <ClInclude Include="Libs\Eigen\Core\arch\SSE\MathFunctions.h">
      <Filter>Header Files</Filter>
    </ClInclude>
    <ClInclude Include="Libs\Eigen\Core\arch\SSE\PacketMath.h">
      <Filter>Header Files</Filter>
    </ClInclude>
    <ClInclude Include="Libs\Eigen\Core\products\CoeffBasedProduct.h">
      <Filter>Header Files</Filter>
    </ClInclude>
    <ClInclude Include="Libs\Eigen\Core\products\GeneralBlockPanelKernel.h">
      <Filter>Header Files</Filter>
    </ClInclude>
    <ClInclude Include="Libs\Eigen\Core\products\GeneralMatrixMatrix.h">
      <Filter>Header Files</Filter>
    </ClInclude>
    <ClInclude Include="Libs\Eigen\Core\products\GeneralMatrixMatrix_MKL.h">
      <Filter>Header Files</Filter>
    </ClInclude>
    <ClInclude Include="Libs\Eigen\Core\products\GeneralMatrixMatrixTriangular.h">
      <Filter>Header Files</Filter>
    </ClInclude>
    <ClInclude Include="Libs\Eigen\Core\products\GeneralMatrixMatrixTriangular_MKL.h">
      <Filter>Header Files</Filter>
    </ClInclude>
    <ClInclude Include="Libs\Eigen\Core\products\GeneralMatrixVector.h">
      <Filter>Header Files</Filter>
    </ClInclude>
    <ClInclude Include="Libs\Eigen\Core\products\GeneralMatrixVector_MKL.h">
      <Filter>Header Files</Filter>
    </ClInclude>
    <ClInclude Include="Libs\Eigen\Core\products\Parallelizer.h">
      <Filter>Header Files</Filter>
    </ClInclude>
    <ClInclude Include="Libs\Eigen\Core\products\SelfadjointMatrixMatrix.h">
      <Filter>Header Files</Filter>
    </ClInclude>
    <ClInclude Include="Libs\Eigen\Core\products\SelfadjointMatrixMatrix_MKL.h">
      <Filter>Header Files</Filter>
    </ClInclude>
    <ClInclude Include="Libs\Eigen\Core\products\SelfadjointMatrixVector.h">
      <Filter>Header Files</Filter>
    </ClInclude>
    <ClInclude Include="Libs\Eigen\Core\products\SelfadjointMatrixVector_MKL.h">
      <Filter>Header Files</Filter>
    </ClInclude>
    <ClInclude Include="Libs\Eigen\Core\products\SelfadjointProduct.h">
      <Filter>Header Files</Filter>
    </ClInclude>
    <ClInclude Include="Libs\Eigen\Core\products\SelfadjointRank2Update.h">
      <Filter>Header Files</Filter>
    </ClInclude>
    <ClInclude Include="Libs\Eigen\Core\products\TriangularMatrixMatrix.h">
      <Filter>Header Files</Filter>
    </ClInclude>
    <ClInclude Include="Libs\Eigen\Core\products\TriangularMatrixMatrix_MKL.h">
      <Filter>Header Files</Filter>
    </ClInclude>
    <ClInclude Include="Libs\Eigen\Core\products\TriangularMatrixVector.h">
      <Filter>Header Files</Filter>
    </ClInclude>
    <ClInclude Include="Libs\Eigen\Core\products\TriangularMatrixVector_MKL.h">
      <Filter>Header Files</Filter>
    </ClInclude>
    <ClInclude Include="Libs\Eigen\Core\products\TriangularSolverMatrix.h">
      <Filter>Header Files</Filter>
    </ClInclude>
    <ClInclude Include="Libs\Eigen\Core\products\TriangularSolverMatrix_MKL.h">
      <Filter>Header Files</Filter>
    </ClInclude>
    <ClInclude Include="Libs\Eigen\Core\products\TriangularSolverVector.h">
      <Filter>Header Files</Filter>
    </ClInclude>
    <ClInclude Include="Libs\Eigen\Core\util\BlasUtil.h">
      <Filter>Header Files</Filter>
    </ClInclude>
    <ClInclude Include="Libs\Eigen\Core\util\Constants.h">
      <Filter>Header Files</Filter>
    </ClInclude>
    <ClInclude Include="Libs\Eigen\Core\util\DisableStupidWarnings.h">
      <Filter>Header Files</Filter>
    </ClInclude>
    <ClInclude Include="Libs\Eigen\Core\util\ForwardDeclarations.h">
      <Filter>Header Files</Filter>
    </ClInclude>
    <ClInclude Include="Libs\Eigen\Core\util\Macros.h">
      <Filter>Header Files</Filter>
    </ClInclude>
    <ClInclude Include="Libs\Eigen\Core\util\Memory.h">
      <Filter>Header Files</Filter>
    </ClInclude>
    <ClInclude Include="Libs\Eigen\Core\util\Meta.h">
      <Filter>Header Files</Filter>
    </ClInclude>
    <ClInclude Include="Libs\Eigen\Core\util\MKL_support.h">
      <Filter>Header Files</Filter>
    </ClInclude>
    <ClInclude Include="Libs\Eigen\Core\util\NonMPL2.h">
      <Filter>Header Files</Filter>
    </ClInclude>
    <ClInclude Include="Libs\Eigen\Core\util\ReenableStupidWarnings.h">
      <Filter>Header Files</Filter>
    </ClInclude>
    <ClInclude Include="Libs\Eigen\Core\util\StaticAssert.h">
      <Filter>Header Files</Filter>
    </ClInclude>
    <ClInclude Include="Libs\Eigen\Core\util\XprHelper.h">
      <Filter>Header Files</Filter>
    </ClInclude>
    <ClInclude Include="Libs\Eigen\Core\Array.h">
      <Filter>Header Files</Filter>
    </ClInclude>
    <ClInclude Include="Libs\Eigen\Core\ArrayBase.h">
      <Filter>Header Files</Filter>
    </ClInclude>
    <ClInclude Include="Libs\Eigen\Core\ArrayWrapper.h">
      <Filter>Header Files</Filter>
    </ClInclude>
    <ClInclude Include="Libs\Eigen\Core\Assign.h">
      <Filter>Header Files</Filter>
    </ClInclude>
    <ClInclude Include="Libs\Eigen\Core\Assign_MKL.h">
      <Filter>Header Files</Filter>
    </ClInclude>
    <ClInclude Include="Libs\Eigen\Core\BandMatrix.h">
      <Filter>Header Files</Filter>
    </ClInclude>
    <ClInclude Include="Libs\Eigen\Core\Block.h">
      <Filter>Header Files</Filter>
    </ClInclude>
    <ClInclude Include="Libs\Eigen\Core\BooleanRedux.h">
      <Filter>Header Files</Filter>
    </ClInclude>
    <ClInclude Include="Libs\Eigen\Core\CommaInitializer.h">
      <Filter>Header Files</Filter>
    </ClInclude>
    <ClInclude Include="Libs\Eigen\Core\CoreIterators.h">
      <Filter>Header Files</Filter>
    </ClInclude>
    <ClInclude Include="Libs\Eigen\Core\CwiseBinaryOp.h">
      <Filter>Header Files</Filter>
    </ClInclude>
    <ClInclude Include="Libs\Eigen\Core\CwiseNullaryOp.h">
      <Filter>Header Files</Filter>
    </ClInclude>
    <ClInclude Include="Libs\Eigen\Core\CwiseUnaryOp.h">
      <Filter>Header Files</Filter>
    </ClInclude>
    <ClInclude Include="Libs\Eigen\Core\CwiseUnaryView.h">
      <Filter>Header Files</Filter>
    </ClInclude>
    <ClInclude Include="Libs\Eigen\Core\DenseBase.h">
      <Filter>Header Files</Filter>
    </ClInclude>
    <ClInclude Include="Libs\Eigen\Core\DenseCoeffsBase.h">
      <Filter>Header Files</Filter>
    </ClInclude>
    <ClInclude Include="Libs\Eigen\Core\DenseStorage.h">
      <Filter>Header Files</Filter>
    </ClInclude>
    <ClInclude Include="Libs\Eigen\Core\Diagonal.h">
      <Filter>Header Files</Filter>
    </ClInclude>
    <ClInclude Include="Libs\Eigen\Core\DiagonalMatrix.h">
      <Filter>Header Files</Filter>
    </ClInclude>
    <ClInclude Include="Libs\Eigen\Core\DiagonalProduct.h">
      <Filter>Header Files</Filter>
    </ClInclude>
    <ClInclude Include="Libs\Eigen\Core\Dot.h">
      <Filter>Header Files</Filter>
    </ClInclude>
    <ClInclude Include="Libs\Eigen\Core\EigenBase.h">
      <Filter>Header Files</Filter>
    </ClInclude>
    <ClInclude Include="Libs\Eigen\Core\Flagged.h">
      <Filter>Header Files</Filter>
    </ClInclude>
    <ClInclude Include="Libs\Eigen\Core\ForceAlignedAccess.h">
      <Filter>Header Files</Filter>
    </ClInclude>
    <ClInclude Include="Libs\Eigen\Core\Functors.h">
      <Filter>Header Files</Filter>
    </ClInclude>
    <ClInclude Include="Libs\Eigen\Core\Fuzzy.h">
      <Filter>Header Files</Filter>
    </ClInclude>
    <ClInclude Include="Libs\Eigen\Core\GeneralProduct.h">
      <Filter>Header Files</Filter>
    </ClInclude>
    <ClInclude Include="Libs\Eigen\Core\GenericPacketMath.h">
      <Filter>Header Files</Filter>
    </ClInclude>
    <ClInclude Include="Libs\Eigen\Core\GlobalFunctions.h">
      <Filter>Header Files</Filter>
    </ClInclude>
    <ClInclude Include="Libs\Eigen\Core\IO.h">
      <Filter>Header Files</Filter>
    </ClInclude>
    <ClInclude Include="Libs\Eigen\Core\Map.h">
      <Filter>Header Files</Filter>
    </ClInclude>
    <ClInclude Include="Libs\Eigen\Core\MapBase.h">
      <Filter>Header Files</Filter>
    </ClInclude>
    <ClInclude Include="Libs\Eigen\Core\MathFunctions.h">
      <Filter>Header Files</Filter>
    </ClInclude>
    <ClInclude Include="Libs\Eigen\Core\Matrix.h">
      <Filter>Header Files</Filter>
    </ClInclude>
    <ClInclude Include="Libs\Eigen\Core\MatrixBase.h">
      <Filter>Header Files</Filter>
    </ClInclude>
    <ClInclude Include="Libs\Eigen\Core\NestByValue.h">
      <Filter>Header Files</Filter>
    </ClInclude>
    <ClInclude Include="Libs\Eigen\Core\NoAlias.h">
      <Filter>Header Files</Filter>
    </ClInclude>
    <ClInclude Include="Libs\Eigen\Core\NumTraits.h">
      <Filter>Header Files</Filter>
    </ClInclude>
    <ClInclude Include="Libs\Eigen\Core\PermutationMatrix.h">
      <Filter>Header Files</Filter>
    </ClInclude>
    <ClInclude Include="Libs\Eigen\Core\PlainObjectBase.h">
      <Filter>Header Files</Filter>
    </ClInclude>
    <ClInclude Include="Libs\Eigen\Core\ProductBase.h">
      <Filter>Header Files</Filter>
    </ClInclude>
    <ClInclude Include="Libs\Eigen\Core\Random.h">
      <Filter>Header Files</Filter>
    </ClInclude>
    <ClInclude Include="Libs\Eigen\Core\Redux.h">
      <Filter>Header Files</Filter>
    </ClInclude>
    <ClInclude Include="Libs\Eigen\Core\Ref.h">
      <Filter>Header Files</Filter>
    </ClInclude>
    <ClInclude Include="Libs\Eigen\Core\Replicate.h">
      <Filter>Header Files</Filter>
    </ClInclude>
    <ClInclude Include="Libs\Eigen\Core\ReturnByValue.h">
      <Filter>Header Files</Filter>
    </ClInclude>
    <ClInclude Include="Libs\Eigen\Core\Reverse.h">
      <Filter>Header Files</Filter>
    </ClInclude>
    <ClInclude Include="Libs\Eigen\Core\Select.h">
      <Filter>Header Files</Filter>
    </ClInclude>
    <ClInclude Include="Libs\Eigen\Core\SelfAdjointView.h">
      <Filter>Header Files</Filter>
    </ClInclude>
    <ClInclude Include="Libs\Eigen\Core\SelfCwiseBinaryOp.h">
      <Filter>Header Files</Filter>
    </ClInclude>
    <ClInclude Include="Libs\Eigen\Core\SolveTriangular.h">
      <Filter>Header Files</Filter>
    </ClInclude>
    <ClInclude Include="Libs\Eigen\Core\StableNorm.h">
      <Filter>Header Files</Filter>
    </ClInclude>
    <ClInclude Include="Libs\Eigen\Core\Stride.h">
      <Filter>Header Files</Filter>
    </ClInclude>
    <ClInclude Include="Libs\Eigen\Core\Swap.h">
      <Filter>Header Files</Filter>
    </ClInclude>
    <ClInclude Include="Libs\Eigen\Core\Transpose.h">
      <Filter>Header Files</Filter>
    </ClInclude>
    <ClInclude Include="Libs\Eigen\Core\Transpositions.h">
      <Filter>Header Files</Filter>
    </ClInclude>
    <ClInclude Include="Libs\Eigen\Core\TriangularMatrix.h">
      <Filter>Header Files</Filter>
    </ClInclude>
    <ClInclude Include="Libs\Eigen\Core\VectorBlock.h">
      <Filter>Header Files</Filter>
    </ClInclude>
    <ClInclude Include="Libs\Eigen\Core\VectorwiseOp.h">
      <Filter>Header Files</Filter>
    </ClInclude>
    <ClInclude Include="Libs\Eigen\Core\Visitor.h">
      <Filter>Header Files</Filter>
    </ClInclude>
    <ClInclude Include="Libs\Eigen\Eigen2Support\Geometry\AlignedBox.h">
      <Filter>Header Files</Filter>
    </ClInclude>
    <ClInclude Include="Libs\Eigen\Eigen2Support\Geometry\All.h">
      <Filter>Header Files</Filter>
    </ClInclude>
    <ClInclude Include="Libs\Eigen\Eigen2Support\Geometry\AngleAxis.h">
      <Filter>Header Files</Filter>
    </ClInclude>
    <ClInclude Include="Libs\Eigen\Eigen2Support\Geometry\Hyperplane.h">
      <Filter>Header Files</Filter>
    </ClInclude>
    <ClInclude Include="Libs\Eigen\Eigen2Support\Geometry\ParametrizedLine.h">
      <Filter>Header Files</Filter>
    </ClInclude>
    <ClInclude Include="Libs\Eigen\Eigen2Support\Geometry\Quaternion.h">
      <Filter>Header Files</Filter>
    </ClInclude>
    <ClInclude Include="Libs\Eigen\Eigen2Support\Geometry\Rotation2D.h">
      <Filter>Header Files</Filter>
    </ClInclude>
    <ClInclude Include="Libs\Eigen\Eigen2Support\Geometry\RotationBase.h">
      <Filter>Header Files</Filter>
    </ClInclude>
    <ClInclude Include="Libs\Eigen\Eigen2Support\Geometry\Scaling.h">
      <Filter>Header Files</Filter>
    </ClInclude>
    <ClInclude Include="Libs\Eigen\Eigen2Support\Geometry\Transform.h">
      <Filter>Header Files</Filter>
    </ClInclude>
    <ClInclude Include="Libs\Eigen\Eigen2Support\Geometry\Translation.h">
      <Filter>Header Files</Filter>
    </ClInclude>
    <ClInclude Include="Libs\Eigen\Eigen2Support\Block.h">
      <Filter>Header Files</Filter>
    </ClInclude>
    <ClInclude Include="Libs\Eigen\Eigen2Support\Cwise.h">
      <Filter>Header Files</Filter>
    </ClInclude>
    <ClInclude Include="Libs\Eigen\Eigen2Support\CwiseOperators.h">
      <Filter>Header Files</Filter>
    </ClInclude>
    <ClInclude Include="Libs\Eigen\Eigen2Support\Lazy.h">
      <Filter>Header Files</Filter>
    </ClInclude>
    <ClInclude Include="Libs\Eigen\Eigen2Support\LeastSquares.h">
      <Filter>Header Files</Filter>
    </ClInclude>
    <ClInclude Include="Libs\Eigen\Eigen2Support\LU.h">
      <Filter>Header Files</Filter>
    </ClInclude>
    <ClInclude Include="Libs\Eigen\Eigen2Support\Macros.h">
      <Filter>Header Files</Filter>
    </ClInclude>
    <ClInclude Include="Libs\Eigen\Eigen2Support\MathFunctions.h">
      <Filter>Header Files</Filter>
    </ClInclude>
    <ClInclude Include="Libs\Eigen\Eigen2Support\Memory.h">
      <Filter>Header Files</Filter>
    </ClInclude>
    <ClInclude Include="Libs\Eigen\Eigen2Support\Meta.h">
      <Filter>Header Files</Filter>
    </ClInclude>
    <ClInclude Include="Libs\Eigen\Eigen2Support\Minor.h">
      <Filter>Header Files</Filter>
    </ClInclude>
    <ClInclude Include="Libs\Eigen\Eigen2Support\QR.h">
      <Filter>Header Files</Filter>
    </ClInclude>
    <ClInclude Include="Libs\Eigen\Eigen2Support\SVD.h">
      <Filter>Header Files</Filter>
    </ClInclude>
    <ClInclude Include="Libs\Eigen\Eigen2Support\TriangularSolver.h">
      <Filter>Header Files</Filter>
    </ClInclude>
    <ClInclude Include="Libs\Eigen\Eigen2Support\VectorBlock.h">
      <Filter>Header Files</Filter>
    </ClInclude>
    <ClInclude Include="Libs\Eigen\Eigenvalues\ComplexEigenSolver.h">
      <Filter>Header Files</Filter>
    </ClInclude>
    <ClInclude Include="Libs\Eigen\Eigenvalues\ComplexSchur.h">
      <Filter>Header Files</Filter>
    </ClInclude>
    <ClInclude Include="Libs\Eigen\Eigenvalues\ComplexSchur_MKL.h">
      <Filter>Header Files</Filter>
    </ClInclude>
    <ClInclude Include="Libs\Eigen\Eigenvalues\EigenSolver.h">
      <Filter>Header Files</Filter>
    </ClInclude>
    <ClInclude Include="Libs\Eigen\Eigenvalues\GeneralizedEigenSolver.h">
      <Filter>Header Files</Filter>
    </ClInclude>
    <ClInclude Include="Libs\Eigen\Eigenvalues\GeneralizedSelfAdjointEigenSolver.h">
      <Filter>Header Files</Filter>
    </ClInclude>
    <ClInclude Include="Libs\Eigen\Eigenvalues\HessenbergDecomposition.h">
      <Filter>Header Files</Filter>
    </ClInclude>
    <ClInclude Include="Libs\Eigen\Eigenvalues\MatrixBaseEigenvalues.h">
      <Filter>Header Files</Filter>
    </ClInclude>
    <ClInclude Include="Libs\Eigen\Eigenvalues\RealQZ.h">
      <Filter>Header Files</Filter>
    </ClInclude>
    <ClInclude Include="Libs\Eigen\Eigenvalues\RealSchur.h">
      <Filter>Header Files</Filter>
    </ClInclude>
    <ClInclude Include="Libs\Eigen\Eigenvalues\RealSchur_MKL.h">
      <Filter>Header Files</Filter>
    </ClInclude>
    <ClInclude Include="Libs\Eigen\Eigenvalues\SelfAdjointEigenSolver.h">
      <Filter>Header Files</Filter>
    </ClInclude>
    <ClInclude Include="Libs\Eigen\Eigenvalues\SelfAdjointEigenSolver_MKL.h">
      <Filter>Header Files</Filter>
    </ClInclude>
    <ClInclude Include="Libs\Eigen\Eigenvalues\Tridiagonalization.h">
      <Filter>Header Files</Filter>
    </ClInclude>
    <ClInclude Include="Libs\Eigen\Geometry\arch\Geometry_SSE.h">
      <Filter>Header Files</Filter>
    </ClInclude>
    <ClInclude Include="Libs\Eigen\Geometry\AlignedBox.h">
      <Filter>Header Files</Filter>
    </ClInclude>
    <ClInclude Include="Libs\Eigen\Geometry\AngleAxis.h">
      <Filter>Header Files</Filter>
    </ClInclude>
    <ClInclude Include="Libs\Eigen\Geometry\EulerAngles.h">
      <Filter>Header Files</Filter>
    </ClInclude>
    <ClInclude Include="Libs\Eigen\Geometry\Homogeneous.h">
      <Filter>Header Files</Filter>
    </ClInclude>
    <ClInclude Include="Libs\Eigen\Geometry\Hyperplane.h">
      <Filter>Header Files</Filter>
    </ClInclude>
    <ClInclude Include="Libs\Eigen\Geometry\OrthoMethods.h">
      <Filter>Header Files</Filter>
    </ClInclude>
    <ClInclude Include="Libs\Eigen\Geometry\ParametrizedLine.h">
      <Filter>Header Files</Filter>
    </ClInclude>
    <ClInclude Include="Libs\Eigen\Geometry\Quaternion.h">
      <Filter>Header Files</Filter>
    </ClInclude>
    <ClInclude Include="Libs\Eigen\Geometry\Rotation2D.h">
      <Filter>Header Files</Filter>
    </ClInclude>
    <ClInclude Include="Libs\Eigen\Geometry\RotationBase.h">
      <Filter>Header Files</Filter>
    </ClInclude>
    <ClInclude Include="Libs\Eigen\Geometry\Scaling.h">
      <Filter>Header Files</Filter>
    </ClInclude>
    <ClInclude Include="Libs\Eigen\Geometry\Transform.h">
      <Filter>Header Files</Filter>
    </ClInclude>
    <ClInclude Include="Libs\Eigen\Geometry\Translation.h">
      <Filter>Header Files</Filter>
    </ClInclude>
    <ClInclude Include="Libs\Eigen\Geometry\Umeyama.h">
      <Filter>Header Files</Filter>
    </ClInclude>
    <ClInclude Include="Libs\Eigen\Householder\BlockHouseholder.h">
      <Filter>Header Files</Filter>
    </ClInclude>
    <ClInclude Include="Libs\Eigen\Householder\Householder.h">
      <Filter>Header Files</Filter>
    </ClInclude>
    <ClInclude Include="Libs\Eigen\Householder\HouseholderSequence.h">
      <Filter>Header Files</Filter>
    </ClInclude>
    <ClInclude Include="Libs\Eigen\IterativeLinearSolvers\BasicPreconditioners.h">
      <Filter>Header Files</Filter>
    </ClInclude>
    <ClInclude Include="Libs\Eigen\IterativeLinearSolvers\BiCGSTAB.h">
      <Filter>Header Files</Filter>
    </ClInclude>
    <ClInclude Include="Libs\Eigen\IterativeLinearSolvers\ConjugateGradient.h">
      <Filter>Header Files</Filter>
    </ClInclude>
    <ClInclude Include="Libs\Eigen\IterativeLinearSolvers\IncompleteLUT.h">
      <Filter>Header Files</Filter>
    </ClInclude>
    <ClInclude Include="Libs\Eigen\IterativeLinearSolvers\IterativeSolverBase.h">
      <Filter>Header Files</Filter>
    </ClInclude>
    <ClInclude Include="Libs\Eigen\Jacobi\Jacobi.h">
      <Filter>Header Files</Filter>
    </ClInclude>
    <ClInclude Include="Libs\Eigen\LU\arch\Inverse_SSE.h">
      <Filter>Header Files</Filter>
    </ClInclude>
    <ClInclude Include="Libs\Eigen\LU\Determinant.h">
      <Filter>Header Files</Filter>
    </ClInclude>
    <ClInclude Include="Libs\Eigen\LU\FullPivLU.h">
      <Filter>Header Files</Filter>
    </ClInclude>
    <ClInclude Include="Libs\Eigen\LU\Inverse.h">
      <Filter>Header Files</Filter>
    </ClInclude>
    <ClInclude Include="Libs\Eigen\LU\PartialPivLU.h">
      <Filter>Header Files</Filter>
    </ClInclude>
    <ClInclude Include="Libs\Eigen\LU\PartialPivLU_MKL.h">
      <Filter>Header Files</Filter>
    </ClInclude>
    <ClInclude Include="Libs\Eigen\MetisSupport\MetisSupport.h">
      <Filter>Header Files</Filter>
    </ClInclude>
    <ClInclude Include="Libs\Eigen\misc\blas.h">
      <Filter>Header Files</Filter>
    </ClInclude>
    <ClInclude Include="Libs\Eigen\misc\Image.h">
      <Filter>Header Files</Filter>
    </ClInclude>
    <ClInclude Include="Libs\Eigen\misc\Kernel.h">
      <Filter>Header Files</Filter>
    </ClInclude>
    <ClInclude Include="Libs\Eigen\misc\Solve.h">
      <Filter>Header Files</Filter>
    </ClInclude>
    <ClInclude Include="Libs\Eigen\misc\SparseSolve.h">
      <Filter>Header Files</Filter>
    </ClInclude>
    <ClInclude Include="Libs\Eigen\OrderingMethods\Amd.h">
      <Filter>Header Files</Filter>
    </ClInclude>
    <ClInclude Include="Libs\Eigen\OrderingMethods\Eigen_Colamd.h">
      <Filter>Header Files</Filter>
    </ClInclude>
    <ClInclude Include="Libs\Eigen\OrderingMethods\Ordering.h">
      <Filter>Header Files</Filter>
    </ClInclude>
    <ClInclude Include="Libs\Eigen\PardisoSupport\PardisoSupport.h">
      <Filter>Header Files</Filter>
    </ClInclude>
    <ClInclude Include="Libs\Eigen\PaStiXSupport\PaStiXSupport.h">
      <Filter>Header Files</Filter>
    </ClInclude>
    <ClInclude Include="Libs\Eigen\plugins\ArrayCwiseBinaryOps.h">
      <Filter>Header Files</Filter>
    </ClInclude>
    <ClInclude Include="Libs\Eigen\plugins\ArrayCwiseUnaryOps.h">
      <Filter>Header Files</Filter>
    </ClInclude>
    <ClInclude Include="Libs\Eigen\plugins\BlockMethods.h">
      <Filter>Header Files</Filter>
    </ClInclude>
    <ClInclude Include="Libs\Eigen\plugins\CommonCwiseBinaryOps.h">
      <Filter>Header Files</Filter>
    </ClInclude>
    <ClInclude Include="Libs\Eigen\plugins\CommonCwiseUnaryOps.h">
      <Filter>Header Files</Filter>
    </ClInclude>
    <ClInclude Include="Libs\Eigen\plugins\MatrixCwiseBinaryOps.h">
      <Filter>Header Files</Filter>
    </ClInclude>
    <ClInclude Include="Libs\Eigen\plugins\MatrixCwiseUnaryOps.h">
      <Filter>Header Files</Filter>
    </ClInclude>
    <ClInclude Include="Libs\Eigen\QR\ColPivHouseholderQR.h">
      <Filter>Header Files</Filter>
    </ClInclude>
    <ClInclude Include="Libs\Eigen\QR\ColPivHouseholderQR_MKL.h">
      <Filter>Header Files</Filter>
    </ClInclude>
    <ClInclude Include="Libs\Eigen\QR\FullPivHouseholderQR.h">
      <Filter>Header Files</Filter>
    </ClInclude>
    <ClInclude Include="Libs\Eigen\QR\HouseholderQR.h">
      <Filter>Header Files</Filter>
    </ClInclude>
    <ClInclude Include="Libs\Eigen\QR\HouseholderQR_MKL.h">
      <Filter>Header Files</Filter>
    </ClInclude>
    <ClInclude Include="Libs\Eigen\SparseCholesky\SimplicialCholesky.h">
      <Filter>Header Files</Filter>
    </ClInclude>
    <ClInclude Include="Libs\Eigen\SparseCholesky\SimplicialCholesky_impl.h">
      <Filter>Header Files</Filter>
    </ClInclude>
    <ClInclude Include="Libs\Eigen\SparseCore\AmbiVector.h">
      <Filter>Header Files</Filter>
    </ClInclude>
    <ClInclude Include="Libs\Eigen\SparseCore\CompressedStorage.h">
      <Filter>Header Files</Filter>
    </ClInclude>
    <ClInclude Include="Libs\Eigen\SparseCore\ConservativeSparseSparseProduct.h">
      <Filter>Header Files</Filter>
    </ClInclude>
    <ClInclude Include="Libs\Eigen\SparseCore\MappedSparseMatrix.h">
      <Filter>Header Files</Filter>
    </ClInclude>
    <ClInclude Include="Libs\Eigen\SparseCore\SparseBlock.h">
      <Filter>Header Files</Filter>
    </ClInclude>
    <ClInclude Include="Libs\Eigen\SparseCore\SparseColEtree.h">
      <Filter>Header Files</Filter>
    </ClInclude>
    <ClInclude Include="Libs\Eigen\SparseCore\SparseCwiseBinaryOp.h">
      <Filter>Header Files</Filter>
    </ClInclude>
    <ClInclude Include="Libs\Eigen\SparseCore\SparseCwiseUnaryOp.h">
      <Filter>Header Files</Filter>
    </ClInclude>
    <ClInclude Include="Libs\Eigen\SparseCore\SparseDenseProduct.h">
      <Filter>Header Files</Filter>
    </ClInclude>
    <ClInclude Include="Libs\Eigen\SparseCore\SparseDiagonalProduct.h">
      <Filter>Header Files</Filter>
    </ClInclude>
    <ClInclude Include="Libs\Eigen\SparseCore\SparseDot.h">
      <Filter>Header Files</Filter>
    </ClInclude>
    <ClInclude Include="Libs\Eigen\SparseCore\SparseFuzzy.h">
      <Filter>Header Files</Filter>
    </ClInclude>
    <ClInclude Include="Libs\Eigen\SparseCore\SparseMatrix.h">
      <Filter>Header Files</Filter>
    </ClInclude>
    <ClInclude Include="Libs\Eigen\SparseCore\SparseMatrixBase.h">
      <Filter>Header Files</Filter>
    </ClInclude>
    <ClInclude Include="Libs\Eigen\SparseCore\SparsePermutation.h">
      <Filter>Header Files</Filter>
    </ClInclude>
    <ClInclude Include="Libs\Eigen\SparseCore\SparseProduct.h">
      <Filter>Header Files</Filter>
    </ClInclude>
    <ClInclude Include="Libs\Eigen\SparseCore\SparseRedux.h">
      <Filter>Header Files</Filter>
    </ClInclude>
    <ClInclude Include="Libs\Eigen\SparseCore\SparseSelfAdjointView.h">
      <Filter>Header Files</Filter>
    </ClInclude>
    <ClInclude Include="Libs\Eigen\SparseCore\SparseSparseProductWithPruning.h">
      <Filter>Header Files</Filter>
    </ClInclude>
    <ClInclude Include="Libs\Eigen\SparseCore\SparseTranspose.h">
      <Filter>Header Files</Filter>
    </ClInclude>
    <ClInclude Include="Libs\Eigen\SparseCore\SparseTriangularView.h">
      <Filter>Header Files</Filter>
    </ClInclude>
    <ClInclude Include="Libs\Eigen\SparseCore\SparseUtil.h">
      <Filter>Header Files</Filter>
    </ClInclude>
    <ClInclude Include="Libs\Eigen\SparseCore\SparseVector.h">
      <Filter>Header Files</Filter>
    </ClInclude>
    <ClInclude Include="Libs\Eigen\SparseCore\SparseView.h">
      <Filter>Header Files</Filter>
    </ClInclude>
    <ClInclude Include="Libs\Eigen\SparseCore\TriangularSolver.h">
      <Filter>Header Files</Filter>
    </ClInclude>
    <ClInclude Include="Libs\Eigen\SparseLU\SparseLU.h">
      <Filter>Header Files</Filter>
    </ClInclude>
    <ClInclude Include="Libs\Eigen\SparseLU\SparseLU_column_bmod.h">
      <Filter>Header Files</Filter>
    </ClInclude>
    <ClInclude Include="Libs\Eigen\SparseLU\SparseLU_column_dfs.h">
      <Filter>Header Files</Filter>
    </ClInclude>
    <ClInclude Include="Libs\Eigen\SparseLU\SparseLU_copy_to_ucol.h">
      <Filter>Header Files</Filter>
    </ClInclude>
    <ClInclude Include="Libs\Eigen\SparseLU\SparseLU_gemm_kernel.h">
      <Filter>Header Files</Filter>
    </ClInclude>
    <ClInclude Include="Libs\Eigen\SparseLU\SparseLU_heap_relax_snode.h">
      <Filter>Header Files</Filter>
    </ClInclude>
    <ClInclude Include="Libs\Eigen\SparseLU\SparseLU_kernel_bmod.h">
      <Filter>Header Files</Filter>
    </ClInclude>
    <ClInclude Include="Libs\Eigen\SparseLU\SparseLU_Memory.h">
      <Filter>Header Files</Filter>
    </ClInclude>
    <ClInclude Include="Libs\Eigen\SparseLU\SparseLU_panel_bmod.h">
      <Filter>Header Files</Filter>
    </ClInclude>
    <ClInclude Include="Libs\Eigen\SparseLU\SparseLU_panel_dfs.h">
      <Filter>Header Files</Filter>
    </ClInclude>
    <ClInclude Include="Libs\Eigen\SparseLU\SparseLU_pivotL.h">
      <Filter>Header Files</Filter>
    </ClInclude>
    <ClInclude Include="Libs\Eigen\SparseLU\SparseLU_pruneL.h">
      <Filter>Header Files</Filter>
    </ClInclude>
    <ClInclude Include="Libs\Eigen\SparseLU\SparseLU_relax_snode.h">
      <Filter>Header Files</Filter>
    </ClInclude>
    <ClInclude Include="Libs\Eigen\SparseLU\SparseLU_Structs.h">
      <Filter>Header Files</Filter>
    </ClInclude>
    <ClInclude Include="Libs\Eigen\SparseLU\SparseLU_SupernodalMatrix.h">
      <Filter>Header Files</Filter>
    </ClInclude>
    <ClInclude Include="Libs\Eigen\SparseLU\SparseLU_Utils.h">
      <Filter>Header Files</Filter>
    </ClInclude>
    <ClInclude Include="Libs\Eigen\SparseLU\SparseLUImpl.h">
      <Filter>Header Files</Filter>
    </ClInclude>
    <ClInclude Include="Libs\Eigen\SparseQR\SparseQR.h">
      <Filter>Header Files</Filter>
    </ClInclude>
    <ClInclude Include="Libs\Eigen\SPQRSupport\SuiteSparseQRSupport.h">
      <Filter>Header Files</Filter>
    </ClInclude>
    <ClInclude Include="Libs\Eigen\StlSupport\details.h">
      <Filter>Header Files</Filter>
    </ClInclude>
    <ClInclude Include="Libs\Eigen\StlSupport\StdDeque.h">
      <Filter>Header Files</Filter>
    </ClInclude>
    <ClInclude Include="Libs\Eigen\StlSupport\StdList.h">
      <Filter>Header Files</Filter>
    </ClInclude>
    <ClInclude Include="Libs\Eigen\StlSupport\StdVector.h">
      <Filter>Header Files</Filter>
    </ClInclude>
    <ClInclude Include="Libs\Eigen\SuperLUSupport\SuperLUSupport.h">
      <Filter>Header Files</Filter>
    </ClInclude>
    <ClInclude Include="Libs\Eigen\SVD\JacobiSVD.h">
      <Filter>Header Files</Filter>
    </ClInclude>
    <ClInclude Include="Libs\Eigen\SVD\JacobiSVD_MKL.h">
      <Filter>Header Files</Filter>
    </ClInclude>
    <ClInclude Include="Libs\Eigen\SVD\UpperBidiagonalization.h">
      <Filter>Header Files</Filter>
    </ClInclude>
    <ClInclude Include="Libs\Eigen\UmfPackSupport\UmfPackSupport.h">
      <Filter>Header Files</Filter>
    </ClInclude>
    <ClInclude Include="Libs\Eigen\src\Cholesky\LDLT.h">
      <Filter>Header Files</Filter>
    </ClInclude>
    <ClInclude Include="Libs\Eigen\src\Cholesky\LLT.h">
      <Filter>Header Files</Filter>
    </ClInclude>
    <ClInclude Include="Libs\Eigen\src\Cholesky\LLT_MKL.h">
      <Filter>Header Files</Filter>
    </ClInclude>
    <ClInclude Include="Libs\Eigen\src\CholmodSupport\CholmodSupport.h">
      <Filter>Header Files</Filter>
    </ClInclude>
    <ClInclude Include="Libs\Eigen\src\Core\arch\AltiVec\Complex.h">
      <Filter>Header Files</Filter>
    </ClInclude>
    <ClInclude Include="Libs\Eigen\src\Core\arch\AltiVec\PacketMath.h">
      <Filter>Header Files</Filter>
    </ClInclude>
    <ClInclude Include="Libs\Eigen\src\Core\arch\Default\Settings.h">
      <Filter>Header Files</Filter>
    </ClInclude>
    <ClInclude Include="Libs\Eigen\src\Core\arch\NEON\Complex.h">
      <Filter>Header Files</Filter>
    </ClInclude>
    <ClInclude Include="Libs\Eigen\src\Core\arch\NEON\PacketMath.h">
      <Filter>Header Files</Filter>
    </ClInclude>
    <ClInclude Include="Libs\Eigen\src\Core\arch\SSE\Complex.h">
      <Filter>Header Files</Filter>
    </ClInclude>
    <ClInclude Include="Libs\Eigen\src\Core\arch\SSE\MathFunctions.h">
      <Filter>Header Files</Filter>
    </ClInclude>
    <ClInclude Include="Libs\Eigen\src\Core\arch\SSE\PacketMath.h">
      <Filter>Header Files</Filter>
    </ClInclude>
    <ClInclude Include="Libs\Eigen\src\Core\products\CoeffBasedProduct.h">
      <Filter>Header Files</Filter>
    </ClInclude>
    <ClInclude Include="Libs\Eigen\src\Core\products\GeneralBlockPanelKernel.h">
      <Filter>Header Files</Filter>
    </ClInclude>
    <ClInclude Include="Libs\Eigen\src\Core\products\GeneralMatrixMatrix.h">
      <Filter>Header Files</Filter>
    </ClInclude>
    <ClInclude Include="Libs\Eigen\src\Core\products\GeneralMatrixMatrix_MKL.h">
      <Filter>Header Files</Filter>
    </ClInclude>
    <ClInclude Include="Libs\Eigen\src\Core\products\GeneralMatrixMatrixTriangular.h">
      <Filter>Header Files</Filter>
    </ClInclude>
    <ClInclude Include="Libs\Eigen\src\Core\products\GeneralMatrixMatrixTriangular_MKL.h">
      <Filter>Header Files</Filter>
    </ClInclude>
    <ClInclude Include="Libs\Eigen\src\Core\products\GeneralMatrixVector.h">
      <Filter>Header Files</Filter>
    </ClInclude>
    <ClInclude Include="Libs\Eigen\src\Core\products\GeneralMatrixVector_MKL.h">
      <Filter>Header Files</Filter>
    </ClInclude>
    <ClInclude Include="Libs\Eigen\src\Core\products\Parallelizer.h">
      <Filter>Header Files</Filter>
    </ClInclude>
    <ClInclude Include="Libs\Eigen\src\Core\products\SelfadjointMatrixMatrix.h">
      <Filter>Header Files</Filter>
    </ClInclude>
    <ClInclude Include="Libs\Eigen\src\Core\products\SelfadjointMatrixMatrix_MKL.h">
      <Filter>Header Files</Filter>
    </ClInclude>
    <ClInclude Include="Libs\Eigen\src\Core\products\SelfadjointMatrixVector.h">
      <Filter>Header Files</Filter>
    </ClInclude>
    <ClInclude Include="Libs\Eigen\src\Core\products\SelfadjointMatrixVector_MKL.h">
      <Filter>Header Files</Filter>
    </ClInclude>
    <ClInclude Include="Libs\Eigen\src\Core\products\SelfadjointProduct.h">
      <Filter>Header Files</Filter>
    </ClInclude>
    <ClInclude Include="Libs\Eigen\src\Core\products\SelfadjointRank2Update.h">
      <Filter>Header Files</Filter>
    </ClInclude>
    <ClInclude Include="Libs\Eigen\src\Core\products\TriangularMatrixMatrix.h">
      <Filter>Header Files</Filter>
    </ClInclude>
    <ClInclude Include="Libs\Eigen\src\Core\products\TriangularMatrixMatrix_MKL.h">
      <Filter>Header Files</Filter>
    </ClInclude>
    <ClInclude Include="Libs\Eigen\src\Core\products\TriangularMatrixVector.h">
      <Filter>Header Files</Filter>
    </ClInclude>
    <ClInclude Include="Libs\Eigen\src\Core\products\TriangularMatrixVector_MKL.h">
      <Filter>Header Files</Filter>
    </ClInclude>
    <ClInclude Include="Libs\Eigen\src\Core\products\TriangularSolverMatrix.h">
      <Filter>Header Files</Filter>
    </ClInclude>
    <ClInclude Include="Libs\Eigen\src\Core\products\TriangularSolverMatrix_MKL.h">
      <Filter>Header Files</Filter>
    </ClInclude>
    <ClInclude Include="Libs\Eigen\src\Core\products\TriangularSolverVector.h">
      <Filter>Header Files</Filter>
    </ClInclude>
    <ClInclude Include="Libs\Eigen\src\Core\util\BlasUtil.h">
      <Filter>Header Files</Filter>
    </ClInclude>
    <ClInclude Include="Libs\Eigen\src\Core\util\Constants.h">
      <Filter>Header Files</Filter>
    </ClInclude>
    <ClInclude Include="Libs\Eigen\src\Core\util\DisableStupidWarnings.h">
      <Filter>Header Files</Filter>
    </ClInclude>
    <ClInclude Include="Libs\Eigen\src\Core\util\ForwardDeclarations.h">
      <Filter>Header Files</Filter>
    </ClInclude>
    <ClInclude Include="Libs\Eigen\src\Core\util\Macros.h">
      <Filter>Header Files</Filter>
    </ClInclude>
    <ClInclude Include="Libs\Eigen\src\Core\util\Memory.h">
      <Filter>Header Files</Filter>
    </ClInclude>
    <ClInclude Include="Libs\Eigen\src\Core\util\Meta.h">
      <Filter>Header Files</Filter>
    </ClInclude>
    <ClInclude Include="Libs\Eigen\src\Core\util\MKL_support.h">
      <Filter>Header Files</Filter>
    </ClInclude>
    <ClInclude Include="Libs\Eigen\src\Core\util\NonMPL2.h">
      <Filter>Header Files</Filter>
    </ClInclude>
    <ClInclude Include="Libs\Eigen\src\Core\util\ReenableStupidWarnings.h">
      <Filter>Header Files</Filter>
    </ClInclude>
    <ClInclude Include="Libs\Eigen\src\Core\util\StaticAssert.h">
      <Filter>Header Files</Filter>
    </ClInclude>
    <ClInclude Include="Libs\Eigen\src\Core\util\XprHelper.h">
      <Filter>Header Files</Filter>
    </ClInclude>
    <ClInclude Include="Libs\Eigen\src\Core\Array.h">
      <Filter>Header Files</Filter>
    </ClInclude>
    <ClInclude Include="Libs\Eigen\src\Core\ArrayBase.h">
      <Filter>Header Files</Filter>
    </ClInclude>
    <ClInclude Include="Libs\Eigen\src\Core\ArrayWrapper.h">
      <Filter>Header Files</Filter>
    </ClInclude>
    <ClInclude Include="Libs\Eigen\src\Core\Assign.h">
      <Filter>Header Files</Filter>
    </ClInclude>
    <ClInclude Include="Libs\Eigen\src\Core\Assign_MKL.h">
      <Filter>Header Files</Filter>
    </ClInclude>
    <ClInclude Include="Libs\Eigen\src\Core\BandMatrix.h">
      <Filter>Header Files</Filter>
    </ClInclude>
    <ClInclude Include="Libs\Eigen\src\Core\Block.h">
      <Filter>Header Files</Filter>
    </ClInclude>
    <ClInclude Include="Libs\Eigen\src\Core\BooleanRedux.h">
      <Filter>Header Files</Filter>
    </ClInclude>
    <ClInclude Include="Libs\Eigen\src\Core\CommaInitializer.h">
      <Filter>Header Files</Filter>
    </ClInclude>
    <ClInclude Include="Libs\Eigen\src\Core\CoreIterators.h">
      <Filter>Header Files</Filter>
    </ClInclude>
    <ClInclude Include="Libs\Eigen\src\Core\CwiseBinaryOp.h">
      <Filter>Header Files</Filter>
    </ClInclude>
    <ClInclude Include="Libs\Eigen\src\Core\CwiseNullaryOp.h">
      <Filter>Header Files</Filter>
    </ClInclude>
    <ClInclude Include="Libs\Eigen\src\Core\CwiseUnaryOp.h">
      <Filter>Header Files</Filter>
    </ClInclude>
    <ClInclude Include="Libs\Eigen\src\Core\CwiseUnaryView.h">
      <Filter>Header Files</Filter>
    </ClInclude>
    <ClInclude Include="Libs\Eigen\src\Core\DenseBase.h">
      <Filter>Header Files</Filter>
    </ClInclude>
    <ClInclude Include="Libs\Eigen\src\Core\DenseCoeffsBase.h">
      <Filter>Header Files</Filter>
    </ClInclude>
    <ClInclude Include="Libs\Eigen\src\Core\DenseStorage.h">
      <Filter>Header Files</Filter>
    </ClInclude>
    <ClInclude Include="Libs\Eigen\src\Core\Diagonal.h">
      <Filter>Header Files</Filter>
    </ClInclude>
    <ClInclude Include="Libs\Eigen\src\Core\DiagonalMatrix.h">
      <Filter>Header Files</Filter>
    </ClInclude>
    <ClInclude Include="Libs\Eigen\src\Core\DiagonalProduct.h">
      <Filter>Header Files</Filter>
    </ClInclude>
    <ClInclude Include="Libs\Eigen\src\Core\Dot.h">
      <Filter>Header Files</Filter>
    </ClInclude>
    <ClInclude Include="Libs\Eigen\src\Core\EigenBase.h">
      <Filter>Header Files</Filter>
    </ClInclude>
    <ClInclude Include="Libs\Eigen\src\Core\Flagged.h">
      <Filter>Header Files</Filter>
    </ClInclude>
    <ClInclude Include="Libs\Eigen\src\Core\ForceAlignedAccess.h">
      <Filter>Header Files</Filter>
    </ClInclude>
    <ClInclude Include="Libs\Eigen\src\Core\Functors.h">
      <Filter>Header Files</Filter>
    </ClInclude>
    <ClInclude Include="Libs\Eigen\src\Core\Fuzzy.h">
      <Filter>Header Files</Filter>
    </ClInclude>
    <ClInclude Include="Libs\Eigen\src\Core\GeneralProduct.h">
      <Filter>Header Files</Filter>
    </ClInclude>
    <ClInclude Include="Libs\Eigen\src\Core\GenericPacketMath.h">
      <Filter>Header Files</Filter>
    </ClInclude>
    <ClInclude Include="Libs\Eigen\src\Core\GlobalFunctions.h">
      <Filter>Header Files</Filter>
    </ClInclude>
    <ClInclude Include="Libs\Eigen\src\Core\IO.h">
      <Filter>Header Files</Filter>
    </ClInclude>
    <ClInclude Include="Libs\Eigen\src\Core\Map.h">
      <Filter>Header Files</Filter>
    </ClInclude>
    <ClInclude Include="Libs\Eigen\src\Core\MapBase.h">
      <Filter>Header Files</Filter>
    </ClInclude>
    <ClInclude Include="Libs\Eigen\src\Core\MathFunctions.h">
      <Filter>Header Files</Filter>
    </ClInclude>
    <ClInclude Include="Libs\Eigen\src\Core\Matrix.h">
      <Filter>Header Files</Filter>
    </ClInclude>
    <ClInclude Include="Libs\Eigen\src\Core\MatrixBase.h">
      <Filter>Header Files</Filter>
    </ClInclude>
    <ClInclude Include="Libs\Eigen\src\Core\NestByValue.h">
      <Filter>Header Files</Filter>
    </ClInclude>
    <ClInclude Include="Libs\Eigen\src\Core\NoAlias.h">
      <Filter>Header Files</Filter>
    </ClInclude>
    <ClInclude Include="Libs\Eigen\src\Core\NumTraits.h">
      <Filter>Header Files</Filter>
    </ClInclude>
    <ClInclude Include="Libs\Eigen\src\Core\PermutationMatrix.h">
      <Filter>Header Files</Filter>
    </ClInclude>
    <ClInclude Include="Libs\Eigen\src\Core\PlainObjectBase.h">
      <Filter>Header Files</Filter>
    </ClInclude>
    <ClInclude Include="Libs\Eigen\src\Core\ProductBase.h">
      <Filter>Header Files</Filter>
    </ClInclude>
    <ClInclude Include="Libs\Eigen\src\Core\Random.h">
      <Filter>Header Files</Filter>
    </ClInclude>
    <ClInclude Include="Libs\Eigen\src\Core\Redux.h">
      <Filter>Header Files</Filter>
    </ClInclude>
    <ClInclude Include="Libs\Eigen\src\Core\Ref.h">
      <Filter>Header Files</Filter>
    </ClInclude>
    <ClInclude Include="Libs\Eigen\src\Core\Replicate.h">
      <Filter>Header Files</Filter>
    </ClInclude>
    <ClInclude Include="Libs\Eigen\src\Core\ReturnByValue.h">
      <Filter>Header Files</Filter>
    </ClInclude>
    <ClInclude Include="Libs\Eigen\src\Core\Reverse.h">
      <Filter>Header Files</Filter>
    </ClInclude>
    <ClInclude Include="Libs\Eigen\src\Core\Select.h">
      <Filter>Header Files</Filter>
    </ClInclude>
    <ClInclude Include="Libs\Eigen\src\Core\SelfAdjointView.h">
      <Filter>Header Files</Filter>
    </ClInclude>
    <ClInclude Include="Libs\Eigen\src\Core\SelfCwiseBinaryOp.h">
      <Filter>Header Files</Filter>
    </ClInclude>
    <ClInclude Include="Libs\Eigen\src\Core\SolveTriangular.h">
      <Filter>Header Files</Filter>
    </ClInclude>
    <ClInclude Include="Libs\Eigen\src\Core\StableNorm.h">
      <Filter>Header Files</Filter>
    </ClInclude>
    <ClInclude Include="Libs\Eigen\src\Core\Stride.h">
      <Filter>Header Files</Filter>
    </ClInclude>
    <ClInclude Include="Libs\Eigen\src\Core\Swap.h">
      <Filter>Header Files</Filter>
    </ClInclude>
    <ClInclude Include="Libs\Eigen\src\Core\Transpose.h">
      <Filter>Header Files</Filter>
    </ClInclude>
    <ClInclude Include="Libs\Eigen\src\Core\Transpositions.h">
      <Filter>Header Files</Filter>
    </ClInclude>
    <ClInclude Include="Libs\Eigen\src\Core\TriangularMatrix.h">
      <Filter>Header Files</Filter>
    </ClInclude>
    <ClInclude Include="Libs\Eigen\src\Core\VectorBlock.h">
      <Filter>Header Files</Filter>
    </ClInclude>
    <ClInclude Include="Libs\Eigen\src\Core\VectorwiseOp.h">
      <Filter>Header Files</Filter>
    </ClInclude>
    <ClInclude Include="Libs\Eigen\src\Core\Visitor.h">
      <Filter>Header Files</Filter>
    </ClInclude>
    <ClInclude Include="Libs\Eigen\src\Eigen2Support\Geometry\AlignedBox.h">
      <Filter>Header Files</Filter>
    </ClInclude>
    <ClInclude Include="Libs\Eigen\src\Eigen2Support\Geometry\All.h">
      <Filter>Header Files</Filter>
    </ClInclude>
    <ClInclude Include="Libs\Eigen\src\Eigen2Support\Geometry\AngleAxis.h">
      <Filter>Header Files</Filter>
    </ClInclude>
    <ClInclude Include="Libs\Eigen\src\Eigen2Support\Geometry\Hyperplane.h">
      <Filter>Header Files</Filter>
    </ClInclude>
    <ClInclude Include="Libs\Eigen\src\Eigen2Support\Geometry\ParametrizedLine.h">
      <Filter>Header Files</Filter>
    </ClInclude>
    <ClInclude Include="Libs\Eigen\src\Eigen2Support\Geometry\Quaternion.h">
      <Filter>Header Files</Filter>
    </ClInclude>
    <ClInclude Include="Libs\Eigen\src\Eigen2Support\Geometry\Rotation2D.h">
      <Filter>Header Files</Filter>
    </ClInclude>
    <ClInclude Include="Libs\Eigen\src\Eigen2Support\Geometry\RotationBase.h">
      <Filter>Header Files</Filter>
    </ClInclude>
    <ClInclude Include="Libs\Eigen\src\Eigen2Support\Geometry\Scaling.h">
      <Filter>Header Files</Filter>
    </ClInclude>
    <ClInclude Include="Libs\Eigen\src\Eigen2Support\Geometry\Transform.h">
      <Filter>Header Files</Filter>
    </ClInclude>
    <ClInclude Include="Libs\Eigen\src\Eigen2Support\Geometry\Translation.h">
      <Filter>Header Files</Filter>
    </ClInclude>
    <ClInclude Include="Libs\Eigen\src\Eigen2Support\Block.h">
      <Filter>Header Files</Filter>
    </ClInclude>
    <ClInclude Include="Libs\Eigen\src\Eigen2Support\Cwise.h">
      <Filter>Header Files</Filter>
    </ClInclude>
    <ClInclude Include="Libs\Eigen\src\Eigen2Support\CwiseOperators.h">
      <Filter>Header Files</Filter>
    </ClInclude>
    <ClInclude Include="Libs\Eigen\src\Eigen2Support\Lazy.h">
      <Filter>Header Files</Filter>
    </ClInclude>
    <ClInclude Include="Libs\Eigen\src\Eigen2Support\LeastSquares.h">
      <Filter>Header Files</Filter>
    </ClInclude>
    <ClInclude Include="Libs\Eigen\src\Eigen2Support\LU.h">
      <Filter>Header Files</Filter>
    </ClInclude>
    <ClInclude Include="Libs\Eigen\src\Eigen2Support\Macros.h">
      <Filter>Header Files</Filter>
    </ClInclude>
    <ClInclude Include="Libs\Eigen\src\Eigen2Support\MathFunctions.h">
      <Filter>Header Files</Filter>
    </ClInclude>
    <ClInclude Include="Libs\Eigen\src\Eigen2Support\Memory.h">
      <Filter>Header Files</Filter>
    </ClInclude>
    <ClInclude Include="Libs\Eigen\src\Eigen2Support\Meta.h">
      <Filter>Header Files</Filter>
    </ClInclude>
    <ClInclude Include="Libs\Eigen\src\Eigen2Support\Minor.h">
      <Filter>Header Files</Filter>
    </ClInclude>
    <ClInclude Include="Libs\Eigen\src\Eigen2Support\QR.h">
      <Filter>Header Files</Filter>
    </ClInclude>
    <ClInclude Include="Libs\Eigen\src\Eigen2Support\SVD.h">
      <Filter>Header Files</Filter>
    </ClInclude>
    <ClInclude Include="Libs\Eigen\src\Eigen2Support\TriangularSolver.h">
      <Filter>Header Files</Filter>
    </ClInclude>
    <ClInclude Include="Libs\Eigen\src\Eigen2Support\VectorBlock.h">
      <Filter>Header Files</Filter>
    </ClInclude>
    <ClInclude Include="Libs\Eigen\src\Eigenvalues\ComplexEigenSolver.h">
      <Filter>Header Files</Filter>
    </ClInclude>
    <ClInclude Include="Libs\Eigen\src\Eigenvalues\ComplexSchur.h">
      <Filter>Header Files</Filter>
    </ClInclude>
    <ClInclude Include="Libs\Eigen\src\Eigenvalues\ComplexSchur_MKL.h">
      <Filter>Header Files</Filter>
    </ClInclude>
    <ClInclude Include="Libs\Eigen\src\Eigenvalues\EigenSolver.h">
      <Filter>Header Files</Filter>
    </ClInclude>
    <ClInclude Include="Libs\Eigen\src\Eigenvalues\GeneralizedEigenSolver.h">
      <Filter>Header Files</Filter>
    </ClInclude>
    <ClInclude Include="Libs\Eigen\src\Eigenvalues\GeneralizedSelfAdjointEigenSolver.h">
      <Filter>Header Files</Filter>
    </ClInclude>
    <ClInclude Include="Libs\Eigen\src\Eigenvalues\HessenbergDecomposition.h">
      <Filter>Header Files</Filter>
    </ClInclude>
    <ClInclude Include="Libs\Eigen\src\Eigenvalues\MatrixBaseEigenvalues.h">
      <Filter>Header Files</Filter>
    </ClInclude>
    <ClInclude Include="Libs\Eigen\src\Eigenvalues\RealQZ.h">
      <Filter>Header Files</Filter>
    </ClInclude>
    <ClInclude Include="Libs\Eigen\src\Eigenvalues\RealSchur.h">
      <Filter>Header Files</Filter>
    </ClInclude>
    <ClInclude Include="Libs\Eigen\src\Eigenvalues\RealSchur_MKL.h">
      <Filter>Header Files</Filter>
    </ClInclude>
    <ClInclude Include="Libs\Eigen\src\Eigenvalues\SelfAdjointEigenSolver.h">
      <Filter>Header Files</Filter>
    </ClInclude>
    <ClInclude Include="Libs\Eigen\src\Eigenvalues\SelfAdjointEigenSolver_MKL.h">
      <Filter>Header Files</Filter>
    </ClInclude>
    <ClInclude Include="Libs\Eigen\src\Eigenvalues\Tridiagonalization.h">
      <Filter>Header Files</Filter>
    </ClInclude>
    <ClInclude Include="Libs\Eigen\src\Geometry\arch\Geometry_SSE.h">
      <Filter>Header Files</Filter>
    </ClInclude>
    <ClInclude Include="Libs\Eigen\src\Geometry\AlignedBox.h">
      <Filter>Header Files</Filter>
    </ClInclude>
    <ClInclude Include="Libs\Eigen\src\Geometry\AngleAxis.h">
      <Filter>Header Files</Filter>
    </ClInclude>
    <ClInclude Include="Libs\Eigen\src\Geometry\EulerAngles.h">
      <Filter>Header Files</Filter>
    </ClInclude>
    <ClInclude Include="Libs\Eigen\src\Geometry\Homogeneous.h">
      <Filter>Header Files</Filter>
    </ClInclude>
    <ClInclude Include="Libs\Eigen\src\Geometry\Hyperplane.h">
      <Filter>Header Files</Filter>
    </ClInclude>
    <ClInclude Include="Libs\Eigen\src\Geometry\OrthoMethods.h">
      <Filter>Header Files</Filter>
    </ClInclude>
    <ClInclude Include="Libs\Eigen\src\Geometry\ParametrizedLine.h">
      <Filter>Header Files</Filter>
    </ClInclude>
    <ClInclude Include="Libs\Eigen\src\Geometry\Quaternion.h">
      <Filter>Header Files</Filter>
    </ClInclude>
    <ClInclude Include="Libs\Eigen\src\Geometry\Rotation2D.h">
      <Filter>Header Files</Filter>
    </ClInclude>
    <ClInclude Include="Libs\Eigen\src\Geometry\RotationBase.h">
      <Filter>Header Files</Filter>
    </ClInclude>
    <ClInclude Include="Libs\Eigen\src\Geometry\Scaling.h">
      <Filter>Header Files</Filter>
    </ClInclude>
    <ClInclude Include="Libs\Eigen\src\Geometry\Transform.h">
      <Filter>Header Files</Filter>
    </ClInclude>
    <ClInclude Include="Libs\Eigen\src\Geometry\Translation.h">
      <Filter>Header Files</Filter>
    </ClInclude>
    <ClInclude Include="Libs\Eigen\src\Geometry\Umeyama.h">
      <Filter>Header Files</Filter>
    </ClInclude>
    <ClInclude Include="Libs\Eigen\src\Householder\BlockHouseholder.h">
      <Filter>Header Files</Filter>
    </ClInclude>
    <ClInclude Include="Libs\Eigen\src\Householder\Householder.h">
      <Filter>Header Files</Filter>
    </ClInclude>
    <ClInclude Include="Libs\Eigen\src\Householder\HouseholderSequence.h">
      <Filter>Header Files</Filter>
    </ClInclude>
    <ClInclude Include="Libs\Eigen\src\IterativeLinearSolvers\BasicPreconditioners.h">
      <Filter>Header Files</Filter>
    </ClInclude>
    <ClInclude Include="Libs\Eigen\src\IterativeLinearSolvers\BiCGSTAB.h">
      <Filter>Header Files</Filter>
    </ClInclude>
    <ClInclude Include="Libs\Eigen\src\IterativeLinearSolvers\ConjugateGradient.h">
      <Filter>Header Files</Filter>
    </ClInclude>
    <ClInclude Include="Libs\Eigen\src\IterativeLinearSolvers\IncompleteLUT.h">
      <Filter>Header Files</Filter>
    </ClInclude>
    <ClInclude Include="Libs\Eigen\src\IterativeLinearSolvers\IterativeSolverBase.h">
      <Filter>Header Files</Filter>
    </ClInclude>
    <ClInclude Include="Libs\Eigen\src\Jacobi\Jacobi.h">
      <Filter>Header Files</Filter>
    </ClInclude>
    <ClInclude Include="Libs\Eigen\src\LU\arch\Inverse_SSE.h">
      <Filter>Header Files</Filter>
    </ClInclude>
    <ClInclude Include="Libs\Eigen\src\LU\Determinant.h">
      <Filter>Header Files</Filter>
    </ClInclude>
    <ClInclude Include="Libs\Eigen\src\LU\FullPivLU.h">
      <Filter>Header Files</Filter>
    </ClInclude>
    <ClInclude Include="Libs\Eigen\src\LU\Inverse.h">
      <Filter>Header Files</Filter>
    </ClInclude>
    <ClInclude Include="Libs\Eigen\src\LU\PartialPivLU.h">
      <Filter>Header Files</Filter>
    </ClInclude>
    <ClInclude Include="Libs\Eigen\src\LU\PartialPivLU_MKL.h">
      <Filter>Header Files</Filter>
    </ClInclude>
    <ClInclude Include="Libs\Eigen\src\MetisSupport\MetisSupport.h">
      <Filter>Header Files</Filter>
    </ClInclude>
    <ClInclude Include="Libs\Eigen\src\misc\blas.h">
      <Filter>Header Files</Filter>
    </ClInclude>
    <ClInclude Include="Libs\Eigen\src\misc\Image.h">
      <Filter>Header Files</Filter>
    </ClInclude>
    <ClInclude Include="Libs\Eigen\src\misc\Kernel.h">
      <Filter>Header Files</Filter>
    </ClInclude>
    <ClInclude Include="Libs\Eigen\src\misc\Solve.h">
      <Filter>Header Files</Filter>
    </ClInclude>
    <ClInclude Include="Libs\Eigen\src\misc\SparseSolve.h">
      <Filter>Header Files</Filter>
    </ClInclude>
    <ClInclude Include="Libs\Eigen\src\OrderingMethods\Amd.h">
      <Filter>Header Files</Filter>
    </ClInclude>
    <ClInclude Include="Libs\Eigen\src\OrderingMethods\Eigen_Colamd.h">
      <Filter>Header Files</Filter>
    </ClInclude>
    <ClInclude Include="Libs\Eigen\src\OrderingMethods\Ordering.h">
      <Filter>Header Files</Filter>
    </ClInclude>
    <ClInclude Include="Libs\Eigen\src\PardisoSupport\PardisoSupport.h">
      <Filter>Header Files</Filter>
    </ClInclude>
    <ClInclude Include="Libs\Eigen\src\PaStiXSupport\PaStiXSupport.h">
      <Filter>Header Files</Filter>
    </ClInclude>
    <ClInclude Include="Libs\Eigen\src\plugins\ArrayCwiseBinaryOps.h">
      <Filter>Header Files</Filter>
    </ClInclude>
    <ClInclude Include="Libs\Eigen\src\plugins\ArrayCwiseUnaryOps.h">
      <Filter>Header Files</Filter>
    </ClInclude>
    <ClInclude Include="Libs\Eigen\src\plugins\BlockMethods.h">
      <Filter>Header Files</Filter>
    </ClInclude>
    <ClInclude Include="Libs\Eigen\src\plugins\CommonCwiseBinaryOps.h">
      <Filter>Header Files</Filter>
    </ClInclude>
    <ClInclude Include="Libs\Eigen\src\plugins\CommonCwiseUnaryOps.h">
      <Filter>Header Files</Filter>
    </ClInclude>
    <ClInclude Include="Libs\Eigen\src\plugins\MatrixCwiseBinaryOps.h">
      <Filter>Header Files</Filter>
    </ClInclude>
    <ClInclude Include="Libs\Eigen\src\plugins\MatrixCwiseUnaryOps.h">
      <Filter>Header Files</Filter>
    </ClInclude>
    <ClInclude Include="Libs\Eigen\src\QR\ColPivHouseholderQR.h">
      <Filter>Header Files</Filter>
    </ClInclude>
    <ClInclude Include="Libs\Eigen\src\QR\ColPivHouseholderQR_MKL.h">
      <Filter>Header Files</Filter>
    </ClInclude>
    <ClInclude Include="Libs\Eigen\src\QR\FullPivHouseholderQR.h">
      <Filter>Header Files</Filter>
    </ClInclude>
    <ClInclude Include="Libs\Eigen\src\QR\HouseholderQR.h">
      <Filter>Header Files</Filter>
    </ClInclude>
    <ClInclude Include="Libs\Eigen\src\QR\HouseholderQR_MKL.h">
      <Filter>Header Files</Filter>
    </ClInclude>
    <ClInclude Include="Libs\Eigen\src\SparseCholesky\SimplicialCholesky.h">
      <Filter>Header Files</Filter>
    </ClInclude>
    <ClInclude Include="Libs\Eigen\src\SparseCholesky\SimplicialCholesky_impl.h">
      <Filter>Header Files</Filter>
    </ClInclude>
    <ClInclude Include="Libs\Eigen\src\SparseCore\AmbiVector.h">
      <Filter>Header Files</Filter>
    </ClInclude>
    <ClInclude Include="Libs\Eigen\src\SparseCore\CompressedStorage.h">
      <Filter>Header Files</Filter>
    </ClInclude>
    <ClInclude Include="Libs\Eigen\src\SparseCore\ConservativeSparseSparseProduct.h">
      <Filter>Header Files</Filter>
    </ClInclude>
    <ClInclude Include="Libs\Eigen\src\SparseCore\MappedSparseMatrix.h">
      <Filter>Header Files</Filter>
    </ClInclude>
    <ClInclude Include="Libs\Eigen\src\SparseCore\SparseBlock.h">
      <Filter>Header Files</Filter>
    </ClInclude>
    <ClInclude Include="Libs\Eigen\src\SparseCore\SparseColEtree.h">
      <Filter>Header Files</Filter>
    </ClInclude>
    <ClInclude Include="Libs\Eigen\src\SparseCore\SparseCwiseBinaryOp.h">
      <Filter>Header Files</Filter>
    </ClInclude>
    <ClInclude Include="Libs\Eigen\src\SparseCore\SparseCwiseUnaryOp.h">
      <Filter>Header Files</Filter>
    </ClInclude>
    <ClInclude Include="Libs\Eigen\src\SparseCore\SparseDenseProduct.h">
      <Filter>Header Files</Filter>
    </ClInclude>
    <ClInclude Include="Libs\Eigen\src\SparseCore\SparseDiagonalProduct.h">
      <Filter>Header Files</Filter>
    </ClInclude>
    <ClInclude Include="Libs\Eigen\src\SparseCore\SparseDot.h">
      <Filter>Header Files</Filter>
    </ClInclude>
    <ClInclude Include="Libs\Eigen\src\SparseCore\SparseFuzzy.h">
      <Filter>Header Files</Filter>
    </ClInclude>
    <ClInclude Include="Libs\Eigen\src\SparseCore\SparseMatrix.h">
      <Filter>Header Files</Filter>
    </ClInclude>
    <ClInclude Include="Libs\Eigen\src\SparseCore\SparseMatrixBase.h">
      <Filter>Header Files</Filter>
    </ClInclude>
    <ClInclude Include="Libs\Eigen\src\SparseCore\SparsePermutation.h">
      <Filter>Header Files</Filter>
    </ClInclude>
    <ClInclude Include="Libs\Eigen\src\SparseCore\SparseProduct.h">
      <Filter>Header Files</Filter>
    </ClInclude>
    <ClInclude Include="Libs\Eigen\src\SparseCore\SparseRedux.h">
      <Filter>Header Files</Filter>
    </ClInclude>
    <ClInclude Include="Libs\Eigen\src\SparseCore\SparseSelfAdjointView.h">
      <Filter>Header Files</Filter>
    </ClInclude>
    <ClInclude Include="Libs\Eigen\src\SparseCore\SparseSparseProductWithPruning.h">
      <Filter>Header Files</Filter>
    </ClInclude>
    <ClInclude Include="Libs\Eigen\src\SparseCore\SparseTranspose.h">
      <Filter>Header Files</Filter>
    </ClInclude>
    <ClInclude Include="Libs\Eigen\src\SparseCore\SparseTriangularView.h">
      <Filter>Header Files</Filter>
    </ClInclude>
    <ClInclude Include="Libs\Eigen\src\SparseCore\SparseUtil.h">
      <Filter>Header Files</Filter>
    </ClInclude>
    <ClInclude Include="Libs\Eigen\src\SparseCore\SparseVector.h">
      <Filter>Header Files</Filter>
    </ClInclude>
    <ClInclude Include="Libs\Eigen\src\SparseCore\SparseView.h">
      <Filter>Header Files</Filter>
    </ClInclude>
    <ClInclude Include="Libs\Eigen\src\SparseCore\TriangularSolver.h">
      <Filter>Header Files</Filter>
    </ClInclude>
    <ClInclude Include="Libs\Eigen\src\SparseLU\SparseLU.h">
      <Filter>Header Files</Filter>
    </ClInclude>
    <ClInclude Include="Libs\Eigen\src\SparseLU\SparseLU_column_bmod.h">
      <Filter>Header Files</Filter>
    </ClInclude>
    <ClInclude Include="Libs\Eigen\src\SparseLU\SparseLU_column_dfs.h">
      <Filter>Header Files</Filter>
    </ClInclude>
    <ClInclude Include="Libs\Eigen\src\SparseLU\SparseLU_copy_to_ucol.h">
      <Filter>Header Files</Filter>
    </ClInclude>
    <ClInclude Include="Libs\Eigen\src\SparseLU\SparseLU_gemm_kernel.h">
      <Filter>Header Files</Filter>
    </ClInclude>
    <ClInclude Include="Libs\Eigen\src\SparseLU\SparseLU_heap_relax_snode.h">
      <Filter>Header Files</Filter>
    </ClInclude>
    <ClInclude Include="Libs\Eigen\src\SparseLU\SparseLU_kernel_bmod.h">
      <Filter>Header Files</Filter>
    </ClInclude>
    <ClInclude Include="Libs\Eigen\src\SparseLU\SparseLU_Memory.h">
      <Filter>Header Files</Filter>
    </ClInclude>
    <ClInclude Include="Libs\Eigen\src\SparseLU\SparseLU_panel_bmod.h">
      <Filter>Header Files</Filter>
    </ClInclude>
    <ClInclude Include="Libs\Eigen\src\SparseLU\SparseLU_panel_dfs.h">
      <Filter>Header Files</Filter>
    </ClInclude>
    <ClInclude Include="Libs\Eigen\src\SparseLU\SparseLU_pivotL.h">
      <Filter>Header Files</Filter>
    </ClInclude>
    <ClInclude Include="Libs\Eigen\src\SparseLU\SparseLU_pruneL.h">
      <Filter>Header Files</Filter>
    </ClInclude>
    <ClInclude Include="Libs\Eigen\src\SparseLU\SparseLU_relax_snode.h">
      <Filter>Header Files</Filter>
    </ClInclude>
    <ClInclude Include="Libs\Eigen\src\SparseLU\SparseLU_Structs.h">
      <Filter>Header Files</Filter>
    </ClInclude>
    <ClInclude Include="Libs\Eigen\src\SparseLU\SparseLU_SupernodalMatrix.h">
      <Filter>Header Files</Filter>
    </ClInclude>
    <ClInclude Include="Libs\Eigen\src\SparseLU\SparseLU_Utils.h">
      <Filter>Header Files</Filter>
    </ClInclude>
    <ClInclude Include="Libs\Eigen\src\SparseLU\SparseLUImpl.h">
      <Filter>Header Files</Filter>
    </ClInclude>
    <ClInclude Include="Libs\Eigen\src\SparseQR\SparseQR.h">
      <Filter>Header Files</Filter>
    </ClInclude>
    <ClInclude Include="Libs\Eigen\src\SPQRSupport\SuiteSparseQRSupport.h">
      <Filter>Header Files</Filter>
    </ClInclude>
    <ClInclude Include="Libs\Eigen\src\StlSupport\details.h">
      <Filter>Header Files</Filter>
    </ClInclude>
    <ClInclude Include="Libs\Eigen\src\StlSupport\StdDeque.h">
      <Filter>Header Files</Filter>
    </ClInclude>
    <ClInclude Include="Libs\Eigen\src\StlSupport\StdList.h">
      <Filter>Header Files</Filter>
    </ClInclude>
    <ClInclude Include="Libs\Eigen\src\StlSupport\StdVector.h">
      <Filter>Header Files</Filter>
    </ClInclude>
    <ClInclude Include="Libs\Eigen\src\SuperLUSupport\SuperLUSupport.h">
      <Filter>Header Files</Filter>
    </ClInclude>
    <ClInclude Include="Libs\Eigen\src\SVD\JacobiSVD.h">
      <Filter>Header Files</Filter>
    </ClInclude>
    <ClInclude Include="Libs\Eigen\src\SVD\JacobiSVD_MKL.h">
      <Filter>Header Files</Filter>
    </ClInclude>
    <ClInclude Include="Libs\Eigen\src\SVD\UpperBidiagonalization.h">
      <Filter>Header Files</Filter>
    </ClInclude>
    <ClInclude Include="Libs\Eigen\src\UmfPackSupport\UmfPackSupport.h">
      <Filter>Header Files</Filter>
    </ClInclude>
    <ClInclude Include="AX\Utils\AXJSON.h">
      <Filter>Header Files</Filter>
    </ClInclude>
    <ClInclude Include="AX\Utils\AXPropertyMetaData.h">
      <Filter>Header Files</Filter>
    </ClInclude>
    <ClInclude Include="AX\Graphics\UI\ImGui\AXImGui.h">
      <Filter>Header Files</Filter>
    </ClInclude>
    <ClInclude Include="AX\Graphics\UI\ImGui\ImGuiColorPicker.h">
      <Filter>Header Files</Filter>
    </ClInclude>
    <ClInclude Include="AX\Utils\AXColor.h">
      <Filter>Header Files</Filter>
    </ClInclude>
    <ClInclude Include="AX\Utils\AXParent.h">
      <Filter>Header Files</Filter>
    </ClInclude>
    <ClInclude Include="AX\Utils\AXBaseObject.h">
      <Filter>Header Files</Filter>
    </ClInclude>
    <ClInclude Include="AX\Utils\AXInterface.h">
      <Filter>Header Files</Filter>
    </ClInclude>
    <ClInclude Include="AX\Content\AXContent.h">
      <Filter>Header Files</Filter>
    </ClInclude>
    <ClInclude Include="AX\Content\AXAsset.h">
      <Filter>Header Files</Filter>
    </ClInclude>
    <ClInclude Include="AX\Content\AXAssetHandle.h">
      <Filter>Header Files</Filter>
    </ClInclude>
    <ClInclude Include="AX\Content\Managers\AXContentManager_Textures.h">
      <Filter>Header Files</Filter>
    </ClInclude>
    <ClInclude Include="AX\Content\Types\AXTexture.h">
      <Filter>Header Files</Filter>
    </ClInclude>
    <ClInclude Include="AX\Editor\AXEditor.h">
      <Filter>Header Files</Filter>
    </ClInclude>
    <ClInclude Include="AX\Editor\Windows\AXContentBrowserImGuiWindow.h">
      <Filter>Header Files</Filter>
    </ClInclude>
    <ClInclude Include="AX\Editor\Windows\AXEditorImGuiWindow.h">
      <Filter>Header Files</Filter>
    </ClInclude>
    <ClInclude Include="AX\Content\Managers\AXContentManager.h">
      <Filter>Header Files</Filter>
    </ClInclude>
    <ClInclude Include="AX\Content\Importers\AXContentImporter.h">
      <Filter>Header Files</Filter>
    </ClInclude>
    <ClInclude Include="AX\Content\Importers\AXContentImporter_AXTexture_PNG.h">
      <Filter>Header Files</Filter>
    </ClInclude>
    <ClInclude Include="AX\Utils\AXString.h">
      <Filter>Header Files</Filter>
    </ClInclude>
    <ClInclude Include="AX\Utils\AXHandle.h">
      <Filter>Header Files</Filter>
    </ClInclude>
    <ClInclude Include="AX\Utils\AXResourcePool.h">
      <Filter>Header Files</Filter>
    </ClInclude>
    <ClInclude Include="AX\Utils\AXThreadingPrimitives.h">
      <Filter>Header Files</Filter>
    </ClInclude>
    <ClInclude Include="AX\Math\AXMathVector.h">
      <Filter>Header Files</Filter>
    </ClInclude>
    <ClInclude Include="AX\Utils\AXVector.h">
      <Filter>Header Files</Filter>
    </ClInclude>
    <ClInclude Include="AX\IO\AXFile.h">
      <Filter>Header Files</Filter>
    </ClInclude>
    <ClInclude Include="AX\IO\AXFile_Windows.h">
      <Filter>Header Files</Filter>
    </ClInclude>
    <ClInclude Include="AX\IO\AXFileSystem.h">
      <Filter>Header Files</Filter>
    </ClInclude>
    <ClInclude Include="AX\Core\Threads\AXThreadedTasks.h">
      <Filter>Header Files</Filter>
    </ClInclude>
    <ClInclude Include="AX\Core\Threads\AXThreading.h">
      <Filter>Header Files</Filter>
    </ClInclude>
    <ClInclude Include="AX\IO\AXAsyncFileHandling.h">
      <Filter>Header Files</Filter>
    </ClInclude>
    <ClInclude Include="AX\IO\AXDirectory.h">
      <Filter>Header Files</Filter>
    </ClInclude>
    <ClInclude Include="AX\Utils\AXBuffer.h">
      <Filter>Header Files</Filter>
    </ClInclude>
    <ClInclude Include="AX\Utils\AXBitFlags.h">
      <Filter>Header Files</Filter>
    </ClInclude>
    <ClInclude Include="Libs\IMGui\imstb_rectpack.h">
      <Filter>Header Files</Filter>
    </ClInclude>
    <ClInclude Include="Libs\IMGui\imstb_textedit.h">
      <Filter>Header Files</Filter>
    </ClInclude>
    <ClInclude Include="Libs\IMGui\imstb_truetype.h">
      <Filter>Header Files</Filter>
    </ClInclude>
  </ItemGroup>
  <ItemGroup>
    <ClCompile Include="AX\Core\AXApplication.cpp">
      <Filter>Source Files</Filter>
    </ClCompile>
    <ClCompile Include="AX\Core\AXLogging.cpp">
      <Filter>Source Files</Filter>
    </ClCompile>
    <ClCompile Include="AX\Core\AXWindow.cpp">
      <Filter>Source Files</Filter>
    </ClCompile>
    <ClCompile Include="AX\Core\AXSettings.cpp">
      <Filter>Source Files</Filter>
    </ClCompile>
    <ClCompile Include="AX\Core\AXUpdateables.cpp">
      <Filter>Source Files</Filter>
    </ClCompile>
    <ClCompile Include="AX\Core\AXMain.cpp">
      <Filter>Source Files</Filter>
    </ClCompile>
    <ClCompile Include="AX\Core\AXSystem.cpp">
      <Filter>Source Files</Filter>
    </ClCompile>
    <ClCompile Include="Libs\cJSON\cJSON.c">
      <Filter>Source Files</Filter>
    </ClCompile>
    <ClCompile Include="AX\Utils\AXProperties.cpp">
      <Filter>Source Files</Filter>
    </ClCompile>
    <ClCompile Include="Libs\IMGui\imgui.cpp">
      <Filter>Source Files</Filter>
    </ClCompile>
    <ClCompile Include="AX\Graphics\RenderCore\AXGraphicsDevice.cpp">
      <Filter>Source Files</Filter>
    </ClCompile>
    <ClCompile Include="AX\Graphics\RenderCore\AXRenderCore.cpp">
      <Filter>Source Files</Filter>
    </ClCompile>
    <ClCompile Include="Libs\IMGui\imgui_draw.cpp">
      <Filter>Source Files</Filter>
    </ClCompile>
    <ClCompile Include="AX\Utils\AXUtils.cpp">
      <Filter>Source Files</Filter>
    </ClCompile>
    <ClCompile Include="Libs\IMGui\imgui_demo.cpp">
      <Filter>Source Files</Filter>
    </ClCompile>
    <ClCompile Include="AX\Graphics\UI\ImGui\AXImGui.cpp">
      <Filter>Source Files</Filter>
    </ClCompile>
    <ClCompile Include="AX\Content\Managers\AXContentManager_Textures.cpp">
      <Filter>Source Files</Filter>
    </ClCompile>
    <ClCompile Include="AX\Content\AXContent.cpp">
      <Filter>Source Files</Filter>
    </ClCompile>
    <ClCompile Include="AX\Editor\AXEditor.cpp">
      <Filter>Source Files</Filter>
    </ClCompile>
    <ClCompile Include="AX\Editor\Windows\AXContentBrowserImGuiWindow.cpp">
      <Filter>Source Files</Filter>
    </ClCompile>
    <ClCompile Include="AX\Editor\Windows\AXEditorImGuiWindow.cpp">
      <Filter>Source Files</Filter>
    </ClCompile>
    <ClCompile Include="AX\Content\Importers\AXContentImporter_AXTexture_PNG.cpp">
      <Filter>Source Files</Filter>
    </ClCompile>
    <ClCompile Include="AX\Content\Managers\AXContentManager.cpp">
      <Filter>Source Files</Filter>
    </ClCompile>
    <ClCompile Include="AX\Utils\AXThreadingPrimitives.cpp">
      <Filter>Source Files</Filter>
    </ClCompile>
    <ClCompile Include="AX\IO\AXFile.cpp">
      <Filter>Source Files</Filter>
    </ClCompile>
    <ClCompile Include="AX\IO\AXFile_Windows.cpp">
      <Filter>Source Files</Filter>
    </ClCompile>
    <ClCompile Include="AX\Core\Threads\AXThreadedTasks.cpp">
      <Filter>Source Files</Filter>
    </ClCompile>
    <ClCompile Include="AX\Core\Threads\AXThreading.cpp">
      <Filter>Source Files</Filter>
    </ClCompile>
    <ClCompile Include="AX\Core\Threads\AXThreading_Windows.cpp">
      <Filter>Source Files</Filter>
    </ClCompile>
    <ClCompile Include="AX\IO\AXDirectory.cpp">
      <Filter>Source Files</Filter>
    </ClCompile>
    <ClCompile Include="AX\IO\AXFileSystem.cpp">
      <Filter>Source Files</Filter>
    </ClCompile>
    <ClCompile Include="Libs\IMGui\imgui_widgets.cpp">
      <Filter>Source Files</Filter>
    </ClCompile>
  </ItemGroup>
  <ItemGroup>
    <None Include="ClassDiagram.cd" />
    <None Include="Libs\Eigen\Array" />
    <None Include="Libs\Eigen\Cholesky" />
    <None Include="Libs\Eigen\CholmodSupport" />
    <None Include="Libs\Eigen\Eigen" />
    <None Include="Libs\Eigen\Eigen2Support" />
    <None Include="Libs\Eigen\Eigenvalues" />
    <None Include="Libs\Eigen\Geometry" />
    <None Include="Libs\Eigen\Householder" />
    <None Include="Libs\Eigen\IterativeLinearSolvers" />
    <None Include="Libs\Eigen\Jacobi" />
    <None Include="Libs\Eigen\LeastSquares" />
    <None Include="Libs\Eigen\LU" />
    <None Include="Libs\Eigen\MetisSupport" />
    <None Include="Libs\Eigen\OrderingMethods" />
    <None Include="Libs\Eigen\PardisoSupport" />
    <None Include="Libs\Eigen\PaStiXSupport" />
    <None Include="Libs\Eigen\QR" />
    <None Include="Libs\Eigen\QtAlignedMalloc" />
    <None Include="Libs\Eigen\Sparse" />
    <None Include="Libs\Eigen\SparseCholesky" />
    <None Include="Libs\Eigen\SparseCore" />
    <None Include="Libs\Eigen\SparseLU" />
    <None Include="Libs\Eigen\SparseQR" />
    <None Include="Libs\Eigen\SPQRSupport" />
    <None Include="Libs\Eigen\StdDeque" />
    <None Include="Libs\Eigen\StdList" />
    <None Include="Libs\Eigen\StdVector" />
    <None Include="Libs\Eigen\SuperLUSupport" />
    <None Include="Libs\Eigen\SVD" />
    <None Include="Libs\Eigen\UmfPackSupport" />
  </ItemGroup>
  <ItemGroup>
    <Text Include="AX\Todo.txt" />
  </ItemGroup>
</Project>